
Microsoft Visual Studio Solution File, Format Version 12.00
# Visual Studio Version 17
VisualStudioVersion = 17.13.35806.99 d17.13
MinimumVisualStudioVersion = 10.0.40219.1
Project("{2150E333-8FDC-42A3-9474-1A3956D46DE8}") = "CookBook", "CookBook", "{36D591C7-65C7-A0D1-1CBC-10CDE441BDC8}"
EndProject
Project("{2150E333-8FDC-42A3-9474-1A3956D46DE8}") = "Domain", "Domain", "{20A9840E-DDE0-4355-B874-53E3923B26A9}"
EndProject
Project("{FAE04EC0-301F-11D3-BF4B-00C04F79EFBC}") = "ClassLibrary2", "..\ClassLibrary2\ClassLibrary2.csproj", "{E33944C3-E208-4A80-9F1C-47135AE4AD45}"
EndProject
Global
	GlobalSection(SolutionConfigurationPlatforms) = preSolution
		Debug|Any CPU = Debug|Any CPU
		Release|Any CPU = Release|Any CPU
	EndGlobalSection
	GlobalSection(ProjectConfigurationPlatforms) = postSolution
		{E33944C3-E208-4A80-9F1C-47135AE4AD45}.Debug|Any CPU.ActiveCfg = Debug|Any CPU
		{E33944C3-E208-4A80-9F1C-47135AE4AD45}.Debug|Any CPU.Build.0 = Debug|Any CPU
		{E33944C3-E208-4A80-9F1C-47135AE4AD45}.Release|Any CPU.ActiveCfg = Release|Any CPU
		{E33944C3-E208-4A80-9F1C-47135AE4AD45}.Release|Any CPU.Build.0 = Release|Any CPU
	EndGlobalSection
	GlobalSection(SolutionProperties) = preSolution
		HideSolutionNode = FALSE
	EndGlobalSection
	GlobalSection(NestedProjects) = preSolution
		{20A9840E-DDE0-4355-B874-53E3923B26A9} = {36D591C7-65C7-A0D1-1CBC-10CDE441BDC8}
		{E33944C3-E208-4A80-9F1C-47135AE4AD45} = {20A9840E-DDE0-4355-B874-53E3923B26A9}
	EndGlobalSection
	GlobalSection(ExtensibilityGlobals) = postSolution
		SolutionGuid = {EA94C4E4-86FB-459C-AFBD-CB93E1C7BB0B}
	EndGlobalSection
EndGlobal
