
Microsoft Visual Studio Solution File, Format Version 12.00
# Visual Studio Version 17
VisualStudioVersion = 17.13.35806.99 d17.13
MinimumVisualStudioVersion = 10.0.40219.1
Project("{FAE04EC0-301F-11D3-BF4B-00C04F79EFBC}") = "CookBook", "CookBook.csproj", "{17399B26-5503-47F1-BC9D-07C3B725EC63}"
EndProject
Project("{FAE04EC0-301F-11D3-BF4B-00C04F79EFBC}") = "Domain", "..\Domain\Domain\Domain.csproj", "{E86B41AD-140E-408E-9638-E586DFB5BB6A}"
EndProject
Global
	GlobalSection(SolutionConfigurationPlatforms) = preSolution
		Debug|Any CPU = Debug|Any CPU
		Release|Any CPU = Release|Any CPU
	EndGlobalSection
	GlobalSection(ProjectConfigurationPlatforms) = postSolution
		{17399B26-5503-47F1-BC9D-07C3B725EC63}.Debug|Any CPU.ActiveCfg = Debug|Any CPU
		{17399B26-5503-47F1-BC9D-07C3B725EC63}.Debug|Any CPU.Build.0 = Debug|Any CPU
		{17399B26-5503-47F1-BC9D-07C3B725EC63}.Release|Any CPU.ActiveCfg = Release|Any CPU
		{17399B26-5503-47F1-BC9D-07C3B725EC63}.Release|Any CPU.Build.0 = Release|Any CPU
		{E86B41AD-140E-408E-9638-E586DFB5BB6A}.Debug|Any CPU.ActiveCfg = Debug|Any CPU
		{E86B41AD-140E-408E-9638-E586DFB5BB6A}.Debug|Any CPU.Build.0 = Debug|Any CPU
		{E86B41AD-140E-408E-9638-E586DFB5BB6A}.Release|Any CPU.ActiveCfg = Release|Any CPU
		{E86B41AD-140E-408E-9638-E586DFB5BB6A}.Release|Any CPU.Build.0 = Release|Any CPU
	EndGlobalSection
	GlobalSection(SolutionProperties) = preSolution
		HideSolutionNode = FALSE
	EndGlobalSection
	GlobalSection(ExtensibilityGlobals) = postSolution
		SolutionGuid = {A50D29B3-581A-4C64-B589-BE45312369F8}
	EndGlobalSection
EndGlobal
